// !$*UTF8*$!
{
	archiveVersion = 1;
	classes = {
	};
	objectVersion = 46;
	objects = {

/* Begin PBXBuildFile section */
		2DCF17C9A33E3CAD20354C80 /* Pods_VKTestApp.framework in Frameworks */ = {isa = PBXBuildFile; fileRef = 2042CAE3ECEEF3A507E40A28 /* Pods_VKTestApp.framework */; };
		7CFA8B0DAF7ACEF8FF894190 /* Pods_VKTestAppUITests.framework in Frameworks */ = {isa = PBXBuildFile; fileRef = DED46FAA34133D011EEB090B /* Pods_VKTestAppUITests.framework */; };
		CE0904281F740BC900033DF3 /* NetworkingService.swift in Sources */ = {isa = PBXBuildFile; fileRef = CE0904271F740BC900033DF3 /* NetworkingService.swift */; };
		CE09042A1F74292F00033DF3 /* FeedData.swift in Sources */ = {isa = PBXBuildFile; fileRef = CE0904291F74292F00033DF3 /* FeedData.swift */; };
		CE09042E1F751A1500033DF3 /* FeedNewsCell.swift in Sources */ = {isa = PBXBuildFile; fileRef = CE09042D1F751A1500033DF3 /* FeedNewsCell.swift */; };
		CE0904301F7524D400033DF3 /* ImageCVCell.swift in Sources */ = {isa = PBXBuildFile; fileRef = CE09042F1F7524D400033DF3 /* ImageCVCell.swift */; };
		CED6D43C1F73B9C0008808BA /* AppDelegate.swift in Sources */ = {isa = PBXBuildFile; fileRef = CED6D43B1F73B9C0008808BA /* AppDelegate.swift */; };
		CED6D43E1F73B9C0008808BA /* ViewController.swift in Sources */ = {isa = PBXBuildFile; fileRef = CED6D43D1F73B9C0008808BA /* ViewController.swift */; };
		CED6D4411F73B9C0008808BA /* Main.storyboard in Resources */ = {isa = PBXBuildFile; fileRef = CED6D43F1F73B9C0008808BA /* Main.storyboard */; };
		CED6D4431F73B9C0008808BA /* Assets.xcassets in Resources */ = {isa = PBXBuildFile; fileRef = CED6D4421F73B9C0008808BA /* Assets.xcassets */; };
		CED6D4461F73B9C0008808BA /* LaunchScreen.storyboard in Resources */ = {isa = PBXBuildFile; fileRef = CED6D4441F73B9C0008808BA /* LaunchScreen.storyboard */; };
		CED6D4511F73B9C1008808BA /* VKTestAppTests.swift in Sources */ = {isa = PBXBuildFile; fileRef = CED6D4501F73B9C1008808BA /* VKTestAppTests.swift */; };
		CED6D45C1F73B9C1008808BA /* VKTestAppUITests.swift in Sources */ = {isa = PBXBuildFile; fileRef = CED6D45B1F73B9C1008808BA /* VKTestAppUITests.swift */; };
		D95A9DBFC373C95D3F45AB4D /* Pods_VKTestAppTests.framework in Frameworks */ = {isa = PBXBuildFile; fileRef = 8218A93171D7382724936B7F /* Pods_VKTestAppTests.framework */; };
/* End PBXBuildFile section */

/* Begin PBXContainerItemProxy section */
		CED6D44D1F73B9C1008808BA /* PBXContainerItemProxy */ = {
			isa = PBXContainerItemProxy;
			containerPortal = CED6D4301F73B9C0008808BA /* Project object */;
			proxyType = 1;
			remoteGlobalIDString = CED6D4371F73B9C0008808BA;
			remoteInfo = VKTestApp;
		};
		CED6D4581F73B9C1008808BA /* PBXContainerItemProxy */ = {
			isa = PBXContainerItemProxy;
			containerPortal = CED6D4301F73B9C0008808BA /* Project object */;
			proxyType = 1;
			remoteGlobalIDString = CED6D4371F73B9C0008808BA;
			remoteInfo = VKTestApp;
		};
/* End PBXContainerItemProxy section */

/* Begin PBXFileReference section */
		150BA70584A9D80B5B47D1E3 /* Pods-VKTestApp.debug.xcconfig */ = {isa = PBXFileReference; includeInIndex = 1; lastKnownFileType = text.xcconfig; name = "Pods-VKTestApp.debug.xcconfig"; path = "Pods/Target Support Files/Pods-VKTestApp/Pods-VKTestApp.debug.xcconfig"; sourceTree = "<group>"; };
		2042CAE3ECEEF3A507E40A28 /* Pods_VKTestApp.framework */ = {isa = PBXFileReference; explicitFileType = wrapper.framework; includeInIndex = 0; path = Pods_VKTestApp.framework; sourceTree = BUILT_PRODUCTS_DIR; };
		2937A82507720F2CED50D61E /* Pods-VKTestApp.release.xcconfig */ = {isa = PBXFileReference; includeInIndex = 1; lastKnownFileType = text.xcconfig; name = "Pods-VKTestApp.release.xcconfig"; path = "Pods/Target Support Files/Pods-VKTestApp/Pods-VKTestApp.release.xcconfig"; sourceTree = "<group>"; };
		8218A93171D7382724936B7F /* Pods_VKTestAppTests.framework */ = {isa = PBXFileReference; explicitFileType = wrapper.framework; includeInIndex = 0; path = Pods_VKTestAppTests.framework; sourceTree = BUILT_PRODUCTS_DIR; };
		C1A47DB60A10616F47F47787 /* Pods-VKTestAppTests.release.xcconfig */ = {isa = PBXFileReference; includeInIndex = 1; lastKnownFileType = text.xcconfig; name = "Pods-VKTestAppTests.release.xcconfig"; path = "Pods/Target Support Files/Pods-VKTestAppTests/Pods-VKTestAppTests.release.xcconfig"; sourceTree = "<group>"; };
		CE0904271F740BC900033DF3 /* NetworkingService.swift */ = {isa = PBXFileReference; fileEncoding = 4; lastKnownFileType = sourcecode.swift; path = NetworkingService.swift; sourceTree = "<group>"; };
		CE0904291F74292F00033DF3 /* FeedData.swift */ = {isa = PBXFileReference; fileEncoding = 4; lastKnownFileType = sourcecode.swift; path = FeedData.swift; sourceTree = "<group>"; };
		CE09042D1F751A1500033DF3 /* FeedNewsCell.swift */ = {isa = PBXFileReference; fileEncoding = 4; lastKnownFileType = sourcecode.swift; path = FeedNewsCell.swift; sourceTree = "<group>"; };
		CE09042F1F7524D400033DF3 /* ImageCVCell.swift */ = {isa = PBXFileReference; fileEncoding = 4; lastKnownFileType = sourcecode.swift; path = ImageCVCell.swift; sourceTree = "<group>"; };
		CED6D4381F73B9C0008808BA /* VKTestApp.app */ = {isa = PBXFileReference; explicitFileType = wrapper.application; includeInIndex = 0; path = VKTestApp.app; sourceTree = BUILT_PRODUCTS_DIR; };
		CED6D43B1F73B9C0008808BA /* AppDelegate.swift */ = {isa = PBXFileReference; lastKnownFileType = sourcecode.swift; path = AppDelegate.swift; sourceTree = "<group>"; };
		CED6D43D1F73B9C0008808BA /* ViewController.swift */ = {isa = PBXFileReference; lastKnownFileType = sourcecode.swift; path = ViewController.swift; sourceTree = "<group>"; };
		CED6D4401F73B9C0008808BA /* Base */ = {isa = PBXFileReference; lastKnownFileType = file.storyboard; name = Base; path = Base.lproj/Main.storyboard; sourceTree = "<group>"; };
		CED6D4421F73B9C0008808BA /* Assets.xcassets */ = {isa = PBXFileReference; lastKnownFileType = folder.assetcatalog; path = Assets.xcassets; sourceTree = "<group>"; };
		CED6D4451F73B9C0008808BA /* Base */ = {isa = PBXFileReference; lastKnownFileType = file.storyboard; name = Base; path = Base.lproj/LaunchScreen.storyboard; sourceTree = "<group>"; };
		CED6D4471F73B9C0008808BA /* Info.plist */ = {isa = PBXFileReference; lastKnownFileType = text.plist.xml; path = Info.plist; sourceTree = "<group>"; };
		CED6D44C1F73B9C1008808BA /* VKTestAppTests.xctest */ = {isa = PBXFileReference; explicitFileType = wrapper.cfbundle; includeInIndex = 0; path = VKTestAppTests.xctest; sourceTree = BUILT_PRODUCTS_DIR; };
		CED6D4501F73B9C1008808BA /* VKTestAppTests.swift */ = {isa = PBXFileReference; lastKnownFileType = sourcecode.swift; path = VKTestAppTests.swift; sourceTree = "<group>"; };
		CED6D4521F73B9C1008808BA /* Info.plist */ = {isa = PBXFileReference; lastKnownFileType = text.plist.xml; path = Info.plist; sourceTree = "<group>"; };
		CED6D4571F73B9C1008808BA /* VKTestAppUITests.xctest */ = {isa = PBXFileReference; explicitFileType = wrapper.cfbundle; includeInIndex = 0; path = VKTestAppUITests.xctest; sourceTree = BUILT_PRODUCTS_DIR; };
		CED6D45B1F73B9C1008808BA /* VKTestAppUITests.swift */ = {isa = PBXFileReference; lastKnownFileType = sourcecode.swift; path = VKTestAppUITests.swift; sourceTree = "<group>"; };
		CED6D45D1F73B9C1008808BA /* Info.plist */ = {isa = PBXFileReference; lastKnownFileType = text.plist.xml; path = Info.plist; sourceTree = "<group>"; };
		DED46FAA34133D011EEB090B /* Pods_VKTestAppUITests.framework */ = {isa = PBXFileReference; explicitFileType = wrapper.framework; includeInIndex = 0; path = Pods_VKTestAppUITests.framework; sourceTree = BUILT_PRODUCTS_DIR; };
		EC1D2AAFF34852376DEB5B5B /* Pods-VKTestAppTests.debug.xcconfig */ = {isa = PBXFileReference; includeInIndex = 1; lastKnownFileType = text.xcconfig; name = "Pods-VKTestAppTests.debug.xcconfig"; path = "Pods/Target Support Files/Pods-VKTestAppTests/Pods-VKTestAppTests.debug.xcconfig"; sourceTree = "<group>"; };
		F6896FED840AA024F3579539 /* Pods-VKTestAppUITests.debug.xcconfig */ = {isa = PBXFileReference; includeInIndex = 1; lastKnownFileType = text.xcconfig; name = "Pods-VKTestAppUITests.debug.xcconfig"; path = "Pods/Target Support Files/Pods-VKTestAppUITests/Pods-VKTestAppUITests.debug.xcconfig"; sourceTree = "<group>"; };
		FAAD9C21A8A1817E98DFABCE /* Pods-VKTestAppUITests.release.xcconfig */ = {isa = PBXFileReference; includeInIndex = 1; lastKnownFileType = text.xcconfig; name = "Pods-VKTestAppUITests.release.xcconfig"; path = "Pods/Target Support Files/Pods-VKTestAppUITests/Pods-VKTestAppUITests.release.xcconfig"; sourceTree = "<group>"; };
/* End PBXFileReference section */

/* Begin PBXFrameworksBuildPhase section */
		CED6D4351F73B9C0008808BA /* Frameworks */ = {
			isa = PBXFrameworksBuildPhase;
			buildActionMask = 2147483647;
			files = (
				2DCF17C9A33E3CAD20354C80 /* Pods_VKTestApp.framework in Frameworks */,
			);
			runOnlyForDeploymentPostprocessing = 0;
		};
		CED6D4491F73B9C1008808BA /* Frameworks */ = {
			isa = PBXFrameworksBuildPhase;
			buildActionMask = 2147483647;
			files = (
				D95A9DBFC373C95D3F45AB4D /* Pods_VKTestAppTests.framework in Frameworks */,
			);
			runOnlyForDeploymentPostprocessing = 0;
		};
		CED6D4541F73B9C1008808BA /* Frameworks */ = {
			isa = PBXFrameworksBuildPhase;
			buildActionMask = 2147483647;
			files = (
				7CFA8B0DAF7ACEF8FF894190 /* Pods_VKTestAppUITests.framework in Frameworks */,
			);
			runOnlyForDeploymentPostprocessing = 0;
		};
/* End PBXFrameworksBuildPhase section */

/* Begin PBXGroup section */
		5C39877936F9870DA7D87D41 /* Frameworks */ = {
			isa = PBXGroup;
			children = (
				2042CAE3ECEEF3A507E40A28 /* Pods_VKTestApp.framework */,
				8218A93171D7382724936B7F /* Pods_VKTestAppTests.framework */,
				DED46FAA34133D011EEB090B /* Pods_VKTestAppUITests.framework */,
			);
			name = Frameworks;
			sourceTree = "<group>";
		};
		B665F89C3E13AED1B0D57E4B /* Pods */ = {
			isa = PBXGroup;
			children = (
				150BA70584A9D80B5B47D1E3 /* Pods-VKTestApp.debug.xcconfig */,
				2937A82507720F2CED50D61E /* Pods-VKTestApp.release.xcconfig */,
				EC1D2AAFF34852376DEB5B5B /* Pods-VKTestAppTests.debug.xcconfig */,
				C1A47DB60A10616F47F47787 /* Pods-VKTestAppTests.release.xcconfig */,
				F6896FED840AA024F3579539 /* Pods-VKTestAppUITests.debug.xcconfig */,
				FAAD9C21A8A1817E98DFABCE /* Pods-VKTestAppUITests.release.xcconfig */,
			);
			name = Pods;
			sourceTree = "<group>";
		};
		CED6D42F1F73B9C0008808BA = {
			isa = PBXGroup;
			children = (
				CED6D43A1F73B9C0008808BA /* VKTestApp */,
				CED6D44F1F73B9C1008808BA /* VKTestAppTests */,
				CED6D45A1F73B9C1008808BA /* VKTestAppUITests */,
				CED6D4391F73B9C0008808BA /* Products */,
				B665F89C3E13AED1B0D57E4B /* Pods */,
				5C39877936F9870DA7D87D41 /* Frameworks */,
			);
			sourceTree = "<group>";
		};
		CED6D4391F73B9C0008808BA /* Products */ = {
			isa = PBXGroup;
			children = (
				CED6D4381F73B9C0008808BA /* VKTestApp.app */,
				CED6D44C1F73B9C1008808BA /* VKTestAppTests.xctest */,
				CED6D4571F73B9C1008808BA /* VKTestAppUITests.xctest */,
			);
			name = Products;
			sourceTree = "<group>";
		};
		CED6D43A1F73B9C0008808BA /* VKTestApp */ = {
			isa = PBXGroup;
			children = (
				CED6D43B1F73B9C0008808BA /* AppDelegate.swift */,
				CE0904271F740BC900033DF3 /* NetworkingService.swift */,
				CED6D43D1F73B9C0008808BA /* ViewController.swift */,
				CE09042D1F751A1500033DF3 /* FeedNewsCell.swift */,
				CE09042F1F7524D400033DF3 /* ImageCVCell.swift */,
				CED6D43F1F73B9C0008808BA /* Main.storyboard */,
				CED6D4421F73B9C0008808BA /* Assets.xcassets */,
				CE0904291F74292F00033DF3 /* FeedData.swift */,
				CED6D4441F73B9C0008808BA /* LaunchScreen.storyboard */,
				CED6D4471F73B9C0008808BA /* Info.plist */,
			);
			path = VKTestApp;
			sourceTree = "<group>";
		};
		CED6D44F1F73B9C1008808BA /* VKTestAppTests */ = {
			isa = PBXGroup;
			children = (
				CED6D4501F73B9C1008808BA /* VKTestAppTests.swift */,
				CED6D4521F73B9C1008808BA /* Info.plist */,
			);
			path = VKTestAppTests;
			sourceTree = "<group>";
		};
		CED6D45A1F73B9C1008808BA /* VKTestAppUITests */ = {
			isa = PBXGroup;
			children = (
				CED6D45B1F73B9C1008808BA /* VKTestAppUITests.swift */,
				CED6D45D1F73B9C1008808BA /* Info.plist */,
			);
			path = VKTestAppUITests;
			sourceTree = "<group>";
		};
/* End PBXGroup section */

/* Begin PBXNativeTarget section */
		CED6D4371F73B9C0008808BA /* VKTestApp */ = {
			isa = PBXNativeTarget;
			buildConfigurationList = CED6D4601F73B9C1008808BA /* Build configuration list for PBXNativeTarget "VKTestApp" */;
			buildPhases = (
				E5E39E178557E63047361C13 /* [CP] Check Pods Manifest.lock */,
				CED6D4341F73B9C0008808BA /* Sources */,
				CED6D4351F73B9C0008808BA /* Frameworks */,
				CED6D4361F73B9C0008808BA /* Resources */,
				78F2E6E42CF003DB685F2697 /* [CP] Embed Pods Frameworks */,
				8BD2D8686523DEBE4E219DF3 /* [CP] Copy Pods Resources */,
			);
			buildRules = (
			);
			dependencies = (
			);
			name = VKTestApp;
			productName = VKTestApp;
			productReference = CED6D4381F73B9C0008808BA /* VKTestApp.app */;
			productType = "com.apple.product-type.application";
		};
		CED6D44B1F73B9C1008808BA /* VKTestAppTests */ = {
			isa = PBXNativeTarget;
			buildConfigurationList = CED6D4631F73B9C1008808BA /* Build configuration list for PBXNativeTarget "VKTestAppTests" */;
			buildPhases = (
				D5519DC5FB642486E091AABB /* [CP] Check Pods Manifest.lock */,
				CED6D4481F73B9C1008808BA /* Sources */,
				CED6D4491F73B9C1008808BA /* Frameworks */,
				CED6D44A1F73B9C1008808BA /* Resources */,
				4063B26AD83E7B45B6136175 /* [CP] Embed Pods Frameworks */,
				C6271EC623FC44D35BE1D6AE /* [CP] Copy Pods Resources */,
			);
			buildRules = (
			);
			dependencies = (
				CED6D44E1F73B9C1008808BA /* PBXTargetDependency */,
			);
			name = VKTestAppTests;
			productName = VKTestAppTests;
			productReference = CED6D44C1F73B9C1008808BA /* VKTestAppTests.xctest */;
			productType = "com.apple.product-type.bundle.unit-test";
		};
		CED6D4561F73B9C1008808BA /* VKTestAppUITests */ = {
			isa = PBXNativeTarget;
			buildConfigurationList = CED6D4661F73B9C1008808BA /* Build configuration list for PBXNativeTarget "VKTestAppUITests" */;
			buildPhases = (
				3DBC7E9EA9FEE27067E51097 /* [CP] Check Pods Manifest.lock */,
				CED6D4531F73B9C1008808BA /* Sources */,
				CED6D4541F73B9C1008808BA /* Frameworks */,
				CED6D4551F73B9C1008808BA /* Resources */,
				E0D3A05E39B0CE684F15E781 /* [CP] Embed Pods Frameworks */,
				BDA230A341E687AF1D002236 /* [CP] Copy Pods Resources */,
			);
			buildRules = (
			);
			dependencies = (
				CED6D4591F73B9C1008808BA /* PBXTargetDependency */,
			);
			name = VKTestAppUITests;
			productName = VKTestAppUITests;
			productReference = CED6D4571F73B9C1008808BA /* VKTestAppUITests.xctest */;
			productType = "com.apple.product-type.bundle.ui-testing";
		};
/* End PBXNativeTarget section */

/* Begin PBXProject section */
		CED6D4301F73B9C0008808BA /* Project object */ = {
			isa = PBXProject;
			attributes = {
				LastSwiftUpdateCheck = 0830;
				LastUpgradeCheck = 0830;
				ORGANIZATIONNAME = User;
				TargetAttributes = {
					CED6D4371F73B9C0008808BA = {
						CreatedOnToolsVersion = 8.3.3;
						DevelopmentTeam = 3KN8572N9S;
						ProvisioningStyle = Automatic;
					};
					CED6D44B1F73B9C1008808BA = {
						CreatedOnToolsVersion = 8.3.3;
						DevelopmentTeam = 3KN8572N9S;
						ProvisioningStyle = Automatic;
						TestTargetID = CED6D4371F73B9C0008808BA;
					};
					CED6D4561F73B9C1008808BA = {
						CreatedOnToolsVersion = 8.3.3;
						DevelopmentTeam = 3KN8572N9S;
						ProvisioningStyle = Automatic;
						TestTargetID = CED6D4371F73B9C0008808BA;
					};
				};
			};
			buildConfigurationList = CED6D4331F73B9C0008808BA /* Build configuration list for PBXProject "VKTestApp" */;
			compatibilityVersion = "Xcode 3.2";
			developmentRegion = English;
			hasScannedForEncodings = 0;
			knownRegions = (
				en,
				Base,
			);
			mainGroup = CED6D42F1F73B9C0008808BA;
			productRefGroup = CED6D4391F73B9C0008808BA /* Products */;
			projectDirPath = "";
			projectRoot = "";
			targets = (
				CED6D4371F73B9C0008808BA /* VKTestApp */,
				CED6D44B1F73B9C1008808BA /* VKTestAppTests */,
				CED6D4561F73B9C1008808BA /* VKTestAppUITests */,
			);
		};
/* End PBXProject section */

/* Begin PBXResourcesBuildPhase section */
		CED6D4361F73B9C0008808BA /* Resources */ = {
			isa = PBXResourcesBuildPhase;
			buildActionMask = 2147483647;
			files = (
				CED6D4461F73B9C0008808BA /* LaunchScreen.storyboard in Resources */,
				CED6D4431F73B9C0008808BA /* Assets.xcassets in Resources */,
				CED6D4411F73B9C0008808BA /* Main.storyboard in Resources */,
			);
			runOnlyForDeploymentPostprocessing = 0;
		};
		CED6D44A1F73B9C1008808BA /* Resources */ = {
			isa = PBXResourcesBuildPhase;
			buildActionMask = 2147483647;
			files = (
			);
			runOnlyForDeploymentPostprocessing = 0;
		};
		CED6D4551F73B9C1008808BA /* Resources */ = {
			isa = PBXResourcesBuildPhase;
			buildActionMask = 2147483647;
			files = (
			);
			runOnlyForDeploymentPostprocessing = 0;
		};
/* End PBXResourcesBuildPhase section */

/* Begin PBXShellScriptBuildPhase section */
		3DBC7E9EA9FEE27067E51097 /* [CP] Check Pods Manifest.lock */ = {
			isa = PBXShellScriptBuildPhase;
			buildActionMask = 2147483647;
			files = (
			);
			inputPaths = (
			);
			name = "[CP] Check Pods Manifest.lock";
			outputPaths = (
			);
			runOnlyForDeploymentPostprocessing = 0;
			shellPath = /bin/sh;
			shellScript = "diff \"${PODS_PODFILE_DIR_PATH}/Podfile.lock\" \"${PODS_ROOT}/Manifest.lock\" > /dev/null\nif [ $? != 0 ] ; then\n    # print error to STDERR\n    echo \"error: The sandbox is not in sync with the Podfile.lock. Run 'pod install' or update your CocoaPods installation.\" >&2\n    exit 1\nfi\n";
			showEnvVarsInLog = 0;
		};
		4063B26AD83E7B45B6136175 /* [CP] Embed Pods Frameworks */ = {
			isa = PBXShellScriptBuildPhase;
			buildActionMask = 2147483647;
			files = (
			);
			inputPaths = (
			);
			name = "[CP] Embed Pods Frameworks";
			outputPaths = (
			);
			runOnlyForDeploymentPostprocessing = 0;
			shellPath = /bin/sh;
			shellScript = "\"${SRCROOT}/Pods/Target Support Files/Pods-VKTestAppTests/Pods-VKTestAppTests-frameworks.sh\"\n";
			showEnvVarsInLog = 0;
		};
		78F2E6E42CF003DB685F2697 /* [CP] Embed Pods Frameworks */ = {
			isa = PBXShellScriptBuildPhase;
			buildActionMask = 2147483647;
			files = (
			);
			inputPaths = (
			);
			name = "[CP] Embed Pods Frameworks";
			outputPaths = (
			);
			runOnlyForDeploymentPostprocessing = 0;
			shellPath = /bin/sh;
			shellScript = "\"${SRCROOT}/Pods/Target Support Files/Pods-VKTestApp/Pods-VKTestApp-frameworks.sh\"\n";
			showEnvVarsInLog = 0;
		};
		8BD2D8686523DEBE4E219DF3 /* [CP] Copy Pods Resources */ = {
			isa = PBXShellScriptBuildPhase;
			buildActionMask = 2147483647;
			files = (
			);
			inputPaths = (
			);
			name = "[CP] Copy Pods Resources";
			outputPaths = (
			);
			runOnlyForDeploymentPostprocessing = 0;
			shellPath = /bin/sh;
			shellScript = "\"${SRCROOT}/Pods/Target Support Files/Pods-VKTestApp/Pods-VKTestApp-resources.sh\"\n";
			showEnvVarsInLog = 0;
		};
		BDA230A341E687AF1D002236 /* [CP] Copy Pods Resources */ = {
			isa = PBXShellScriptBuildPhase;
			buildActionMask = 2147483647;
			files = (
			);
			inputPaths = (
			);
			name = "[CP] Copy Pods Resources";
			outputPaths = (
			);
			runOnlyForDeploymentPostprocessing = 0;
			shellPath = /bin/sh;
			shellScript = "\"${SRCROOT}/Pods/Target Support Files/Pods-VKTestAppUITests/Pods-VKTestAppUITests-resources.sh\"\n";
			showEnvVarsInLog = 0;
		};
		C6271EC623FC44D35BE1D6AE /* [CP] Copy Pods Resources */ = {
			isa = PBXShellScriptBuildPhase;
			buildActionMask = 2147483647;
			files = (
			);
			inputPaths = (
			);
			name = "[CP] Copy Pods Resources";
			outputPaths = (
			);
			runOnlyForDeploymentPostprocessing = 0;
			shellPath = /bin/sh;
			shellScript = "\"${SRCROOT}/Pods/Target Support Files/Pods-VKTestAppTests/Pods-VKTestAppTests-resources.sh\"\n";
			showEnvVarsInLog = 0;
		};
		D5519DC5FB642486E091AABB /* [CP] Check Pods Manifest.lock */ = {
			isa = PBXShellScriptBuildPhase;
			buildActionMask = 2147483647;
			files = (
			);
			inputPaths = (
			);
			name = "[CP] Check Pods Manifest.lock";
			outputPaths = (
			);
			runOnlyForDeploymentPostprocessing = 0;
			shellPath = /bin/sh;
			shellScript = "diff \"${PODS_PODFILE_DIR_PATH}/Podfile.lock\" \"${PODS_ROOT}/Manifest.lock\" > /dev/null\nif [ $? != 0 ] ; then\n    # print error to STDERR\n    echo \"error: The sandbox is not in sync with the Podfile.lock. Run 'pod install' or update your CocoaPods installation.\" >&2\n    exit 1\nfi\n";
			showEnvVarsInLog = 0;
		};
		E0D3A05E39B0CE684F15E781 /* [CP] Embed Pods Frameworks */ = {
			isa = PBXShellScriptBuildPhase;
			buildActionMask = 2147483647;
			files = (
			);
			inputPaths = (
			);
			name = "[CP] Embed Pods Frameworks";
			outputPaths = (
			);
			runOnlyForDeploymentPostprocessing = 0;
			shellPath = /bin/sh;
			shellScript = "\"${SRCROOT}/Pods/Target Support Files/Pods-VKTestAppUITests/Pods-VKTestAppUITests-frameworks.sh\"\n";
			showEnvVarsInLog = 0;
		};
		E5E39E178557E63047361C13 /* [CP] Check Pods Manifest.lock */ = {
			isa = PBXShellScriptBuildPhase;
			buildActionMask = 2147483647;
			files = (
			);
			inputPaths = (
			);
			name = "[CP] Check Pods Manifest.lock";
			outputPaths = (
			);
			runOnlyForDeploymentPostprocessing = 0;
			shellPath = /bin/sh;
			shellScript = "diff \"${PODS_PODFILE_DIR_PATH}/Podfile.lock\" \"${PODS_ROOT}/Manifest.lock\" > /dev/null\nif [ $? != 0 ] ; then\n    # print error to STDERR\n    echo \"error: The sandbox is not in sync with the Podfile.lock. Run 'pod install' or update your CocoaPods installation.\" >&2\n    exit 1\nfi\n";
			showEnvVarsInLog = 0;
		};
/* End PBXShellScriptBuildPhase section */

/* Begin PBXSourcesBuildPhase section */
		CED6D4341F73B9C0008808BA /* Sources */ = {
			isa = PBXSourcesBuildPhase;
			buildActionMask = 2147483647;
			files = (
				CE0904301F7524D400033DF3 /* ImageCVCell.swift in Sources */,
				CE0904281F740BC900033DF3 /* NetworkingService.swift in Sources */,
				CED6D43E1F73B9C0008808BA /* ViewController.swift in Sources */,
				CED6D43C1F73B9C0008808BA /* AppDelegate.swift in Sources */,
				CE09042E1F751A1500033DF3 /* FeedNewsCell.swift in Sources */,
				CE09042A1F74292F00033DF3 /* FeedData.swift in Sources */,
			);
			runOnlyForDeploymentPostprocessing = 0;
		};
		CED6D4481F73B9C1008808BA /* Sources */ = {
			isa = PBXSourcesBuildPhase;
			buildActionMask = 2147483647;
			files = (
				CED6D4511F73B9C1008808BA /* VKTestAppTests.swift in Sources */,
			);
			runOnlyForDeploymentPostprocessing = 0;
		};
		CED6D4531F73B9C1008808BA /* Sources */ = {
			isa = PBXSourcesBuildPhase;
			buildActionMask = 2147483647;
			files = (
				CED6D45C1F73B9C1008808BA /* VKTestAppUITests.swift in Sources */,
			);
			runOnlyForDeploymentPostprocessing = 0;
		};
/* End PBXSourcesBuildPhase section */

/* Begin PBXTargetDependency section */
		CED6D44E1F73B9C1008808BA /* PBXTargetDependency */ = {
			isa = PBXTargetDependency;
			target = CED6D4371F73B9C0008808BA /* VKTestApp */;
			targetProxy = CED6D44D1F73B9C1008808BA /* PBXContainerItemProxy */;
		};
		CED6D4591F73B9C1008808BA /* PBXTargetDependency */ = {
			isa = PBXTargetDependency;
			target = CED6D4371F73B9C0008808BA /* VKTestApp */;
			targetProxy = CED6D4581F73B9C1008808BA /* PBXContainerItemProxy */;
		};
/* End PBXTargetDependency section */

/* Begin PBXVariantGroup section */
		CED6D43F1F73B9C0008808BA /* Main.storyboard */ = {
			isa = PBXVariantGroup;
			children = (
				CED6D4401F73B9C0008808BA /* Base */,
			);
			name = Main.storyboard;
			sourceTree = "<group>";
		};
		CED6D4441F73B9C0008808BA /* LaunchScreen.storyboard */ = {
			isa = PBXVariantGroup;
			children = (
				CED6D4451F73B9C0008808BA /* Base */,
			);
			name = LaunchScreen.storyboard;
			sourceTree = "<group>";
		};
/* End PBXVariantGroup section */

/* Begin XCBuildConfiguration section */
		CED6D45E1F73B9C1008808BA /* Debug */ = {
			isa = XCBuildConfiguration;
			buildSettings = {
				ALWAYS_SEARCH_USER_PATHS = NO;
				CLANG_ANALYZER_NONNULL = YES;
				CLANG_ANALYZER_NUMBER_OBJECT_CONVERSION = YES_AGGRESSIVE;
				CLANG_CXX_LANGUAGE_STANDARD = "gnu++0x";
				CLANG_CXX_LIBRARY = "libc++";
				CLANG_ENABLE_MODULES = YES;
				CLANG_ENABLE_OBJC_ARC = YES;
				CLANG_WARN_BOOL_CONVERSION = YES;
				CLANG_WARN_CONSTANT_CONVERSION = YES;
				CLANG_WARN_DIRECT_OBJC_ISA_USAGE = YES_ERROR;
				CLANG_WARN_DOCUMENTATION_COMMENTS = YES;
				CLANG_WARN_EMPTY_BODY = YES;
				CLANG_WARN_ENUM_CONVERSION = YES;
				CLANG_WARN_INFINITE_RECURSION = YES;
				CLANG_WARN_INT_CONVERSION = YES;
				CLANG_WARN_OBJC_ROOT_CLASS = YES_ERROR;
				CLANG_WARN_SUSPICIOUS_MOVE = YES;
				CLANG_WARN_UNREACHABLE_CODE = YES;
				CLANG_WARN__DUPLICATE_METHOD_MATCH = YES;
				"CODE_SIGN_IDENTITY[sdk=iphoneos*]" = "iPhone Developer";
				COPY_PHASE_STRIP = NO;
				DEBUG_INFORMATION_FORMAT = dwarf;
				ENABLE_STRICT_OBJC_MSGSEND = YES;
				ENABLE_TESTABILITY = YES;
				GCC_C_LANGUAGE_STANDARD = gnu99;
				GCC_DYNAMIC_NO_PIC = NO;
				GCC_NO_COMMON_BLOCKS = YES;
				GCC_OPTIMIZATION_LEVEL = 0;
				GCC_PREPROCESSOR_DEFINITIONS = (
					"DEBUG=1",
					"$(inherited)",
				);
				GCC_WARN_64_TO_32_BIT_CONVERSION = YES;
				GCC_WARN_ABOUT_RETURN_TYPE = YES_ERROR;
				GCC_WARN_UNDECLARED_SELECTOR = YES;
				GCC_WARN_UNINITIALIZED_AUTOS = YES_AGGRESSIVE;
				GCC_WARN_UNUSED_FUNCTION = YES;
				GCC_WARN_UNUSED_VARIABLE = YES;
				IPHONEOS_DEPLOYMENT_TARGET = 10.3;
				MTL_ENABLE_DEBUG_INFO = YES;
				ONLY_ACTIVE_ARCH = YES;
				SDKROOT = iphoneos;
				SWIFT_ACTIVE_COMPILATION_CONDITIONS = DEBUG;
				SWIFT_OPTIMIZATION_LEVEL = "-Onone";
				TARGETED_DEVICE_FAMILY = "1,2";
			};
			name = Debug;
		};
		CED6D45F1F73B9C1008808BA /* Release */ = {
			isa = XCBuildConfiguration;
			buildSettings = {
				ALWAYS_SEARCH_USER_PATHS = NO;
				CLANG_ANALYZER_NONNULL = YES;
				CLANG_ANALYZER_NUMBER_OBJECT_CONVERSION = YES_AGGRESSIVE;
				CLANG_CXX_LANGUAGE_STANDARD = "gnu++0x";
				CLANG_CXX_LIBRARY = "libc++";
				CLANG_ENABLE_MODULES = YES;
				CLANG_ENABLE_OBJC_ARC = YES;
				CLANG_WARN_BOOL_CONVERSION = YES;
				CLANG_WARN_CONSTANT_CONVERSION = YES;
				CLANG_WARN_DIRECT_OBJC_ISA_USAGE = YES_ERROR;
				CLANG_WARN_DOCUMENTATION_COMMENTS = YES;
				CLANG_WARN_EMPTY_BODY = YES;
				CLANG_WARN_ENUM_CONVERSION = YES;
				CLANG_WARN_INFINITE_RECURSION = YES;
				CLANG_WARN_INT_CONVERSION = YES;
				CLANG_WARN_OBJC_ROOT_CLASS = YES_ERROR;
				CLANG_WARN_SUSPICIOUS_MOVE = YES;
				CLANG_WARN_UNREACHABLE_CODE = YES;
				CLANG_WARN__DUPLICATE_METHOD_MATCH = YES;
				"CODE_SIGN_IDENTITY[sdk=iphoneos*]" = "iPhone Developer";
				COPY_PHASE_STRIP = NO;
				DEBUG_INFORMATION_FORMAT = "dwarf-with-dsym";
				ENABLE_NS_ASSERTIONS = NO;
				ENABLE_STRICT_OBJC_MSGSEND = YES;
				GCC_C_LANGUAGE_STANDARD = gnu99;
				GCC_NO_COMMON_BLOCKS = YES;
				GCC_WARN_64_TO_32_BIT_CONVERSION = YES;
				GCC_WARN_ABOUT_RETURN_TYPE = YES_ERROR;
				GCC_WARN_UNDECLARED_SELECTOR = YES;
				GCC_WARN_UNINITIALIZED_AUTOS = YES_AGGRESSIVE;
				GCC_WARN_UNUSED_FUNCTION = YES;
				GCC_WARN_UNUSED_VARIABLE = YES;
				IPHONEOS_DEPLOYMENT_TARGET = 10.3;
				MTL_ENABLE_DEBUG_INFO = NO;
				SDKROOT = iphoneos;
				SWIFT_OPTIMIZATION_LEVEL = "-Owholemodule";
				TARGETED_DEVICE_FAMILY = "1,2";
				VALIDATE_PRODUCT = YES;
			};
			name = Release;
		};
		CED6D4611F73B9C1008808BA /* Debug */ = {
			isa = XCBuildConfiguration;
			baseConfigurationReference = 150BA70584A9D80B5B47D1E3 /* Pods-VKTestApp.debug.xcconfig */;
			buildSettings = {
				ASSETCATALOG_COMPILER_APPICON_NAME = AppIcon;
				DEVELOPMENT_TEAM = 3KN8572N9S;
				INFOPLIST_FILE = VKTestApp/Info.plist;
				LD_RUNPATH_SEARCH_PATHS = "$(inherited) @executable_path/Frameworks";
				PRODUCT_BUNDLE_IDENTIFIER = Introvert.VKTestApp;
				PRODUCT_NAME = "$(TARGET_NAME)";
				SWIFT_VERSION = 3.0;
			};
			name = Debug;
		};
		CED6D4621F73B9C1008808BA /* Release */ = {
			isa = XCBuildConfiguration;
			baseConfigurationReference = 2937A82507720F2CED50D61E /* Pods-VKTestApp.release.xcconfig */;
			buildSettings = {
				ASSETCATALOG_COMPILER_APPICON_NAME = AppIcon;
				DEVELOPMENT_TEAM = 3KN8572N9S;
				INFOPLIST_FILE = VKTestApp/Info.plist;
				LD_RUNPATH_SEARCH_PATHS = "$(inherited) @executable_path/Frameworks";
				PRODUCT_BUNDLE_IDENTIFIER = Introvert.VKTestApp;
				PRODUCT_NAME = "$(TARGET_NAME)";
				SWIFT_VERSION = 3.0;
			};
			name = Release;
		};
		CED6D4641F73B9C1008808BA /* Debug */ = {
			isa = XCBuildConfiguration;
			baseConfigurationReference = EC1D2AAFF34852376DEB5B5B /* Pods-VKTestAppTests.debug.xcconfig */;
			buildSettings = {
				ALWAYS_EMBED_SWIFT_STANDARD_LIBRARIES = YES;
				BUNDLE_LOADER = "$(TEST_HOST)";
				DEVELOPMENT_TEAM = 3KN8572N9S;
				INFOPLIST_FILE = VKTestAppTests/Info.plist;
				LD_RUNPATH_SEARCH_PATHS = "$(inherited) @executable_path/Frameworks @loader_path/Frameworks";
				PRODUCT_BUNDLE_IDENTIFIER = Introvert.VKTestAppTests;
				PRODUCT_NAME = "$(TARGET_NAME)";
				SWIFT_VERSION = 3.0;
				TEST_HOST = "$(BUILT_PRODUCTS_DIR)/VKTestApp.app/VKTestApp";
			};
			name = Debug;
		};
		CED6D4651F73B9C1008808BA /* Release */ = {
			isa = XCBuildConfiguration;
			baseConfigurationReference = C1A47DB60A10616F47F47787 /* Pods-VKTestAppTests.release.xcconfig */;
			buildSettings = {
				ALWAYS_EMBED_SWIFT_STANDARD_LIBRARIES = YES;
				BUNDLE_LOADER = "$(TEST_HOST)";
				DEVELOPMENT_TEAM = 3KN8572N9S;
				INFOPLIST_FILE = VKTestAppTests/Info.plist;
				LD_RUNPATH_SEARCH_PATHS = "$(inherited) @executable_path/Frameworks @loader_path/Frameworks";
				PRODUCT_BUNDLE_IDENTIFIER = Introvert.VKTestAppTests;
				PRODUCT_NAME = "$(TARGET_NAME)";
				SWIFT_VERSION = 3.0;
				TEST_HOST = "$(BUILT_PRODUCTS_DIR)/VKTestApp.app/VKTestApp";
			};
			name = Release;
		};
		CED6D4671F73B9C1008808BA /* Debug */ = {
			isa = XCBuildConfiguration;
			baseConfigurationReference = F6896FED840AA024F3579539 /* Pods-VKTestAppUITests.debug.xcconfig */;
			buildSettings = {
				ALWAYS_EMBED_SWIFT_STANDARD_LIBRARIES = YES;
				DEVELOPMENT_TEAM = 3KN8572N9S;
				INFOPLIST_FILE = VKTestAppUITests/Info.plist;
				LD_RUNPATH_SEARCH_PATHS = "$(inherited) @executable_path/Frameworks @loader_path/Frameworks";
				PRODUCT_BUNDLE_IDENTIFIER = Introvert.VKTestAppUITests;
				PRODUCT_NAME = "$(TARGET_NAME)";
				SWIFT_VERSION = 3.0;
				TEST_TARGET_NAME = VKTestApp;
			};
			name = Debug;
		};
		CED6D4681F73B9C1008808BA /* Release */ = {
			isa = XCBuildConfiguration;
			baseConfigurationReference = FAAD9C21A8A1817E98DFABCE /* Pods-VKTestAppUITests.release.xcconfig */;
			buildSettings = {
				ALWAYS_EMBED_SWIFT_STANDARD_LIBRARIES = YES;
				DEVELOPMENT_TEAM = 3KN8572N9S;
				INFOPLIST_FILE = VKTestAppUITests/Info.plist;
				LD_RUNPATH_SEARCH_PATHS = "$(inherited) @executable_path/Frameworks @loader_path/Frameworks";
				PRODUCT_BUNDLE_IDENTIFIER = Introvert.VKTestAppUITests;
				PRODUCT_NAME = "$(TARGET_NAME)";
				SWIFT_VERSION = 3.0;
				TEST_TARGET_NAME = VKTestApp;
			};
			name = Release;
		};
/* End XCBuildConfiguration section */

/* Begin XCConfigurationList section */
		CED6D4331F73B9C0008808BA /* Build configuration list for PBXProject "VKTestApp" */ = {
			isa = XCConfigurationList;
			buildConfigurations = (
				CED6D45E1F73B9C1008808BA /* Debug */,
				CED6D45F1F73B9C1008808BA /* Release */,
			);
			defaultConfigurationIsVisible = 0;
			defaultConfigurationName = Release;
		};
		CED6D4601F73B9C1008808BA /* Build configuration list for PBXNativeTarget "VKTestApp" */ = {
			isa = XCConfigurationList;
			buildConfigurations = (
				CED6D4611F73B9C1008808BA /* Debug */,
				CED6D4621F73B9C1008808BA /* Release */,
			);
			defaultConfigurationIsVisible = 0;
			defaultConfigurationName = Release;
		};
		CED6D4631F73B9C1008808BA /* Build configuration list for PBXNativeTarget "VKTestAppTests" */ = {
			isa = XCConfigurationList;
			buildConfigurations = (
				CED6D4641F73B9C1008808BA /* Debug */,
				CED6D4651F73B9C1008808BA /* Release */,
			);
			defaultConfigurationIsVisible = 0;
			defaultConfigurationName = Release;
		};
		CED6D4661F73B9C1008808BA /* Build configuration list for PBXNativeTarget "VKTestAppUITests" */ = {
			isa = XCConfigurationList;
			buildConfigurations = (
				CED6D4671F73B9C1008808BA /* Debug */,
				CED6D4681F73B9C1008808BA /* Release */,
			);
			defaultConfigurationIsVisible = 0;
			defaultConfigurationName = Release;
		};
/* End XCConfigurationList section */
	};
	rootObject = CED6D4301F73B9C0008808BA /* Project object */;
}
